// !$*UTF8*$!
{
	archiveVersion = 1;
	classes = {
	};
	objectVersion = 46;
	objects = {

/* Begin PBXAggregateTarget section */
		5A816535121530CE00032A61 /* KrayKit.framework */ = {
			isa = PBXAggregateTarget;
			buildConfigurationList = 5A816538121530ED00032A61 /* Build configuration list for PBXAggregateTarget "KrayKit.framework" */;
			buildPhases = (
				5A816534121530CE00032A61 /* ShellScript */,
			);
			dependencies = (
			);
			name = KrayKit.framework;
			productName = KrayKit.framework;
		};
/* End PBXAggregateTarget section */

/* Begin PBXBuildFile section */
		5A2349B012476B4E007F3302 /* NSDate+Format.h in Headers */ = {isa = PBXBuildFile; fileRef = 5A2349AF12476B4E007F3302 /* NSDate+Format.h */; };
		5A2349B212476BAF007F3302 /* NSDate+Format.m in Sources */ = {isa = PBXBuildFile; fileRef = 5A2349B112476BAF007F3302 /* NSDate+Format.m */; };
		5A2349B612476CE8007F3302 /* NSDateFormatter+Format.h in Headers */ = {isa = PBXBuildFile; fileRef = 5A2349B512476CE8007F3302 /* NSDateFormatter+Format.h */; };
		5A2349B812476D46007F3302 /* NSDateFormatter+Format.m in Sources */ = {isa = PBXBuildFile; fileRef = 5A2349B712476D46007F3302 /* NSDateFormatter+Format.m */; };
		5A23DE2C121E82C800D41CF3 /* KKAuthAlertView.h in Headers */ = {isa = PBXBuildFile; fileRef = 5A23DE2A121E82C800D41CF3 /* KKAuthAlertView.h */; };
		5A23DE37121E890300D41CF3 /* KKAuthAlertView.m in Sources */ = {isa = PBXBuildFile; fileRef = 5A23DE36121E890300D41CF3 /* KKAuthAlertView.m */; };
		5A4F6938123F6D5A007E702E /* NSArray+Access.h in Headers */ = {isa = PBXBuildFile; fileRef = 5A4F6937123F6D5A007E702E /* NSArray+Access.h */; };
		5A4F693C123F6DBA007E702E /* NSArray+Access.m in Sources */ = {isa = PBXBuildFile; fileRef = 5A4F693A123F6DBA007E702E /* NSArray+Access.m */; };
		5A5EF7DC122D105E005E414C /* UIView+Overlay.h in Headers */ = {isa = PBXBuildFile; fileRef = 5A5EF7DB122D105E005E414C /* UIView+Overlay.h */; };
		5A5EF7DF122D10EB005E414C /* UIView+Overlay.m in Sources */ = {isa = PBXBuildFile; fileRef = 5A5EF7DE122D10EB005E414C /* UIView+Overlay.m */; };
		5A684048124209D100352497 /* UIView+Align.h in Headers */ = {isa = PBXBuildFile; fileRef = 5A684047124209D100352497 /* UIView+Align.h */; };
		5A68404F12420A5F00352497 /* UIView+Align.m in Sources */ = {isa = PBXBuildFile; fileRef = 5A68404E12420A5F00352497 /* UIView+Align.m */; };
		5A68413E12421FBD00352497 /* KKProgressIndicatorView.h in Headers */ = {isa = PBXBuildFile; fileRef = 5A68413D12421FBD00352497 /* KKProgressIndicatorView.h */; };
		5A68414E12421FEA00352497 /* KKProgressIndicatorView.m in Sources */ = {isa = PBXBuildFile; fileRef = 5A68414D12421FEA00352497 /* KKProgressIndicatorView.m */; };
		5A8165521215328400032A61 /* KKRemoteImageView.h in Headers */ = {isa = PBXBuildFile; fileRef = 5A8165451215328400032A61 /* KKRemoteImageView.h */; settings = {ATTRIBUTES = (Private, ); }; };
		5A8165531215328400032A61 /* NSString+Digest.h in Headers */ = {isa = PBXBuildFile; fileRef = 5A8165471215328400032A61 /* NSString+Digest.h */; settings = {ATTRIBUTES = (Private, ); }; };
		5A8165541215328400032A61 /* NSString+NumberFormat.h in Headers */ = {isa = PBXBuildFile; fileRef = 5A8165481215328400032A61 /* NSString+NumberFormat.h */; settings = {ATTRIBUTES = (Private, ); }; };
		5A8165551215328400032A61 /* UIColor+HexRGB.h in Headers */ = {isa = PBXBuildFile; fileRef = 5A8165491215328400032A61 /* UIColor+HexRGB.h */; settings = {ATTRIBUTES = (Private, ); }; };
		5A8165581215328400032A61 /* KKMacro.h in Headers */ = {isa = PBXBuildFile; fileRef = 5A81654D1215328400032A61 /* KKMacro.h */; settings = {ATTRIBUTES = (Private, ); }; };
		5A81655A1215328400032A61 /* KKRequestCache.h in Headers */ = {isa = PBXBuildFile; fileRef = 5A8165501215328400032A61 /* KKRequestCache.h */; settings = {ATTRIBUTES = (Private, ); }; };
		5A81655B1215328400032A61 /* KKURLRequestOperation.h in Headers */ = {isa = PBXBuildFile; fileRef = 5A8165511215328400032A61 /* KKURLRequestOperation.h */; settings = {ATTRIBUTES = (Private, ); }; };
		5A816569121532AB00032A61 /* KKRemoteImageView.m in Sources */ = {isa = PBXBuildFile; fileRef = 5A81655E121532AB00032A61 /* KKRemoteImageView.m */; };
		5A81656A121532AB00032A61 /* NSString+Digest.m in Sources */ = {isa = PBXBuildFile; fileRef = 5A816560121532AB00032A61 /* NSString+Digest.m */; };
		5A81656B121532AB00032A61 /* NSString+NumberFormat.m in Sources */ = {isa = PBXBuildFile; fileRef = 5A816561121532AB00032A61 /* NSString+NumberFormat.m */; };
		5A81656C121532AB00032A61 /* UIColor+HexRGB.m in Sources */ = {isa = PBXBuildFile; fileRef = 5A816562121532AB00032A61 /* UIColor+HexRGB.m */; };
		5A81656F121532AB00032A61 /* KKRequestCache.m in Sources */ = {isa = PBXBuildFile; fileRef = 5A816567121532AB00032A61 /* KKRequestCache.m */; };
		5A816570121532AB00032A61 /* KKURLRequestOperation.m in Sources */ = {isa = PBXBuildFile; fileRef = 5A816568121532AB00032A61 /* KKURLRequestOperation.m */; };
		5A81664A12153B1500032A61 /* KrayKit.h in Headers */ = {isa = PBXBuildFile; fileRef = 5A8165411215324100032A61 /* KrayKit.h */; settings = {ATTRIBUTES = (Public, ); }; };
		5AF8D97D122FAAE9003FA142 /* UIView+Effect.h in Headers */ = {isa = PBXBuildFile; fileRef = 5AF8D97C122FAAE9003FA142 /* UIView+Effect.h */; };
		5AF8D981122FAB0E003FA142 /* UIView+Effect.m in Sources */ = {isa = PBXBuildFile; fileRef = 5AF8D980122FAB0E003FA142 /* UIView+Effect.m */; };
		AA747D9F0F9514B9006C5449 /* KrayKit_Prefix.pch in Headers */ = {isa = PBXBuildFile; fileRef = AA747D9E0F9514B9006C5449 /* KrayKit_Prefix.pch */; };
/* End PBXBuildFile section */

/* Begin PBXFileReference section */
		5A2349AF12476B4E007F3302 /* NSDate+Format.h */ = {isa = PBXFileReference; fileEncoding = 4; lastKnownFileType = sourcecode.c.h; path = "NSDate+Format.h"; sourceTree = "<group>"; };
		5A2349B112476BAF007F3302 /* NSDate+Format.m */ = {isa = PBXFileReference; fileEncoding = 4; lastKnownFileType = sourcecode.c.objc; path = "NSDate+Format.m"; sourceTree = "<group>"; };
		5A2349B512476CE8007F3302 /* NSDateFormatter+Format.h */ = {isa = PBXFileReference; fileEncoding = 4; lastKnownFileType = sourcecode.c.h; path = "NSDateFormatter+Format.h"; sourceTree = "<group>"; };
		5A2349B712476D46007F3302 /* NSDateFormatter+Format.m */ = {isa = PBXFileReference; fileEncoding = 4; lastKnownFileType = sourcecode.c.objc; path = "NSDateFormatter+Format.m"; sourceTree = "<group>"; };
		5A23DE2A121E82C800D41CF3 /* KKAuthAlertView.h */ = {isa = PBXFileReference; fileEncoding = 4; lastKnownFileType = sourcecode.c.h; path = KKAuthAlertView.h; sourceTree = "<group>"; };
		5A23DE36121E890300D41CF3 /* KKAuthAlertView.m */ = {isa = PBXFileReference; fileEncoding = 4; lastKnownFileType = sourcecode.c.objc; path = KKAuthAlertView.m; sourceTree = "<group>"; };
		5A4F6937123F6D5A007E702E /* NSArray+Access.h */ = {isa = PBXFileReference; fileEncoding = 4; lastKnownFileType = sourcecode.c.h; path = "NSArray+Access.h"; sourceTree = "<group>"; };
		5A4F693A123F6DBA007E702E /* NSArray+Access.m */ = {isa = PBXFileReference; fileEncoding = 4; lastKnownFileType = sourcecode.c.objc; path = "NSArray+Access.m"; sourceTree = "<group>"; };
		5A5EF7DB122D105E005E414C /* UIView+Overlay.h */ = {isa = PBXFileReference; fileEncoding = 4; lastKnownFileType = sourcecode.c.h; path = "UIView+Overlay.h"; sourceTree = "<group>"; };
		5A5EF7DE122D10EB005E414C /* UIView+Overlay.m */ = {isa = PBXFileReference; fileEncoding = 4; lastKnownFileType = sourcecode.c.objc; path = "UIView+Overlay.m"; sourceTree = "<group>"; };
		5A684047124209D100352497 /* UIView+Align.h */ = {isa = PBXFileReference; fileEncoding = 4; lastKnownFileType = sourcecode.c.h; path = "UIView+Align.h"; sourceTree = "<group>"; };
		5A68404E12420A5F00352497 /* UIView+Align.m */ = {isa = PBXFileReference; fileEncoding = 4; lastKnownFileType = sourcecode.c.objc; path = "UIView+Align.m"; sourceTree = "<group>"; };
		5A68413D12421FBD00352497 /* KKProgressIndicatorView.h */ = {isa = PBXFileReference; fileEncoding = 4; lastKnownFileType = sourcecode.c.h; path = KKProgressIndicatorView.h; sourceTree = "<group>"; };
		5A68414D12421FEA00352497 /* KKProgressIndicatorView.m */ = {isa = PBXFileReference; fileEncoding = 4; lastKnownFileType = sourcecode.c.objc; path = KKProgressIndicatorView.m; sourceTree = "<group>"; };
		5A81652D12152CED00032A61 /* Framework.plist */ = {isa = PBXFileReference; fileEncoding = 4; lastKnownFileType = text.plist.xml; path = Framework.plist; sourceTree = "<group>"; };
		5A8165411215324100032A61 /* KrayKit.h */ = {isa = PBXFileReference; fileEncoding = 4; lastKnownFileType = sourcecode.c.h; path = KrayKit.h; sourceTree = "<group>"; };
		5A8165451215328400032A61 /* KKRemoteImageView.h */ = {isa = PBXFileReference; fileEncoding = 4; lastKnownFileType = sourcecode.c.h; path = KKRemoteImageView.h; sourceTree = "<group>"; };
		5A8165471215328400032A61 /* NSString+Digest.h */ = {isa = PBXFileReference; fileEncoding = 4; lastKnownFileType = sourcecode.c.h; path = "NSString+Digest.h"; sourceTree = "<group>"; };
		5A8165481215328400032A61 /* NSString+NumberFormat.h */ = {isa = PBXFileReference; fileEncoding = 4; lastKnownFileType = sourcecode.c.h; path = "NSString+NumberFormat.h"; sourceTree = "<group>"; };
		5A8165491215328400032A61 /* UIColor+HexRGB.h */ = {isa = PBXFileReference; fileEncoding = 4; lastKnownFileType = sourcecode.c.h; path = "UIColor+HexRGB.h"; sourceTree = "<group>"; };
		5A81654D1215328400032A61 /* KKMacro.h */ = {isa = PBXFileReference; fileEncoding = 4; lastKnownFileType = sourcecode.c.h; path = KKMacro.h; sourceTree = "<group>"; };
		5A8165501215328400032A61 /* KKRequestCache.h */ = {isa = PBXFileReference; fileEncoding = 4; lastKnownFileType = sourcecode.c.h; path = KKRequestCache.h; sourceTree = "<group>"; };
		5A8165511215328400032A61 /* KKURLRequestOperation.h */ = {isa = PBXFileReference; fileEncoding = 4; lastKnownFileType = sourcecode.c.h; path = KKURLRequestOperation.h; sourceTree = "<group>"; };
		5A81655E121532AB00032A61 /* KKRemoteImageView.m */ = {isa = PBXFileReference; fileEncoding = 4; lastKnownFileType = sourcecode.c.objc; path = KKRemoteImageView.m; sourceTree = "<group>"; };
		5A816560121532AB00032A61 /* NSString+Digest.m */ = {isa = PBXFileReference; fileEncoding = 4; lastKnownFileType = sourcecode.c.objc; path = "NSString+Digest.m"; sourceTree = "<group>"; };
		5A816561121532AB00032A61 /* NSString+NumberFormat.m */ = {isa = PBXFileReference; fileEncoding = 4; lastKnownFileType = sourcecode.c.objc; path = "NSString+NumberFormat.m"; sourceTree = "<group>"; };
		5A816562121532AB00032A61 /* UIColor+HexRGB.m */ = {isa = PBXFileReference; fileEncoding = 4; lastKnownFileType = sourcecode.c.objc; path = "UIColor+HexRGB.m"; sourceTree = "<group>"; };
		5A816567121532AB00032A61 /* KKRequestCache.m */ = {isa = PBXFileReference; fileEncoding = 4; lastKnownFileType = sourcecode.c.objc; path = KKRequestCache.m; sourceTree = "<group>"; };
		5A816568121532AB00032A61 /* KKURLRequestOperation.m */ = {isa = PBXFileReference; fileEncoding = 4; lastKnownFileType = sourcecode.c.objc; path = KKURLRequestOperation.m; sourceTree = "<group>"; };
		5AF8D97C122FAAE9003FA142 /* UIView+Effect.h */ = {isa = PBXFileReference; fileEncoding = 4; lastKnownFileType = sourcecode.c.h; path = "UIView+Effect.h"; sourceTree = "<group>"; };
		5AF8D980122FAB0E003FA142 /* UIView+Effect.m */ = {isa = PBXFileReference; fileEncoding = 4; lastKnownFileType = sourcecode.c.objc; path = "UIView+Effect.m"; sourceTree = "<group>"; };
		AA747D9E0F9514B9006C5449 /* KrayKit_Prefix.pch */ = {isa = PBXFileReference; fileEncoding = 4; lastKnownFileType = sourcecode.c.h; path = KrayKit_Prefix.pch; sourceTree = SOURCE_ROOT; };
		D2AAC07E0554694100DB518D /* libKrayKit.a */ = {isa = PBXFileReference; explicitFileType = archive.ar; includeInIndex = 0; path = libKrayKit.a; sourceTree = BUILT_PRODUCTS_DIR; };
/* End PBXFileReference section */

/* Begin PBXFrameworksBuildPhase section */
		D2AAC07C0554694100DB518D /* Frameworks */ = {
			isa = PBXFrameworksBuildPhase;
			buildActionMask = 2147483647;
			files = (
			);
			runOnlyForDeploymentPostprocessing = 0;
		};
/* End PBXFrameworksBuildPhase section */

/* Begin PBXGroup section */
		034768DFFF38A50411DB9C8B /* Products */ = {
			isa = PBXGroup;
			children = (
				D2AAC07E0554694100DB518D /* libKrayKit.a */,
			);
			name = Products;
			sourceTree = "<group>";
		};
		0867D691FE84028FC02AAC07 /* KrayKit */ = {
			isa = PBXGroup;
			children = (
				5A81652912152C7600032A61 /* Include */,
				5A81652B12152C7600032A61 /* Sources */,
				5A81652A12152C7600032A61 /* Resources */,
				32C88DFF0371C24200C91783 /* Other Sources */,
				0867D69AFE84028FC02AAC07 /* Frameworks */,
				034768DFFF38A50411DB9C8B /* Products */,
			);
			name = KrayKit;
			sourceTree = "<group>";
		};
		0867D69AFE84028FC02AAC07 /* Frameworks */ = {
			isa = PBXGroup;
			children = (
			);
			name = Frameworks;
			sourceTree = "<group>";
		};
		32C88DFF0371C24200C91783 /* Other Sources */ = {
			isa = PBXGroup;
			children = (
				AA747D9E0F9514B9006C5449 /* KrayKit_Prefix.pch */,
			);
			name = "Other Sources";
			sourceTree = "<group>";
		};
		5A81652912152C7600032A61 /* Include */ = {
			isa = PBXGroup;
			children = (
				5A8165401215324100032A61 /* KrayKit */,
			);
			path = Include;
			sourceTree = "<group>";
		};
		5A81652A12152C7600032A61 /* Resources */ = {
			isa = PBXGroup;
			children = (
				5A81652D12152CED00032A61 /* Framework.plist */,
			);
			path = Resources;
			sourceTree = "<group>";
		};
		5A81652B12152C7600032A61 /* Sources */ = {
			isa = PBXGroup;
			children = (
				5A81655C121532AB00032A61 /* KrayKit */,
			);
			path = Sources;
			sourceTree = "<group>";
		};
		5A8165401215324100032A61 /* KrayKit */ = {
			isa = PBXGroup;
			children = (
				5A8165411215324100032A61 /* KrayKit.h */,
				5A81654D1215328400032A61 /* KKMacro.h */,
				5A8165441215328400032A61 /* Control */,
				5A8165461215328400032A61 /* Extension */,
				5A81654E1215328400032A61 /* Network */,
			);
			path = KrayKit;
			sourceTree = "<group>";
		};
		5A8165441215328400032A61 /* Control */ = {
			isa = PBXGroup;
			children = (
				5A23DE2A121E82C800D41CF3 /* KKAuthAlertView.h */,
				5A8165451215328400032A61 /* KKRemoteImageView.h */,
				5A68413D12421FBD00352497 /* KKProgressIndicatorView.h */,
			);
			path = Control;
			sourceTree = "<group>";
		};
		5A8165461215328400032A61 /* Extension */ = {
			isa = PBXGroup;
			children = (
				5A4F6937123F6D5A007E702E /* NSArray+Access.h */,
				5A2349AF12476B4E007F3302 /* NSDate+Format.h */,
				5A2349B512476CE8007F3302 /* NSDateFormatter+Format.h */,
				5A8165471215328400032A61 /* NSString+Digest.h */,
				5A8165481215328400032A61 /* NSString+NumberFormat.h */,
				5A8165491215328400032A61 /* UIColor+HexRGB.h */,
				5A684047124209D100352497 /* UIView+Align.h */,
				5AF8D97C122FAAE9003FA142 /* UIView+Effect.h */,
				5A5EF7DB122D105E005E414C /* UIView+Overlay.h */,
			);
			path = Extension;
			sourceTree = "<group>";
		};
		5A81654E1215328400032A61 /* Network */ = {
			isa = PBXGroup;
			children = (
				5A8165501215328400032A61 /* KKRequestCache.h */,
				5A8165511215328400032A61 /* KKURLRequestOperation.h */,
			);
			path = Network;
			sourceTree = "<group>";
		};
		5A81655C121532AB00032A61 /* KrayKit */ = {
			isa = PBXGroup;
			children = (
				5A81655D121532AB00032A61 /* Control */,
				5A81655F121532AB00032A61 /* Extension */,
				5A816566121532AB00032A61 /* Network */,
			);
			path = KrayKit;
			sourceTree = "<group>";
		};
		5A81655D121532AB00032A61 /* Control */ = {
			isa = PBXGroup;
			children = (
				5A23DE36121E890300D41CF3 /* KKAuthAlertView.m */,
				5A81655E121532AB00032A61 /* KKRemoteImageView.m */,
				5A68414D12421FEA00352497 /* KKProgressIndicatorView.m */,
			);
			path = Control;
			sourceTree = "<group>";
		};
		5A81655F121532AB00032A61 /* Extension */ = {
			isa = PBXGroup;
			children = (
				5A4F693A123F6DBA007E702E /* NSArray+Access.m */,
				5A2349B112476BAF007F3302 /* NSDate+Format.m */,
				5A2349B712476D46007F3302 /* NSDateFormatter+Format.m */,
				5A816560121532AB00032A61 /* NSString+Digest.m */,
				5A816561121532AB00032A61 /* NSString+NumberFormat.m */,
				5A816562121532AB00032A61 /* UIColor+HexRGB.m */,
				5A68404E12420A5F00352497 /* UIView+Align.m */,
				5AF8D980122FAB0E003FA142 /* UIView+Effect.m */,
				5A5EF7DE122D10EB005E414C /* UIView+Overlay.m */,
			);
			path = Extension;
			sourceTree = "<group>";
		};
		5A816566121532AB00032A61 /* Network */ = {
			isa = PBXGroup;
			children = (
				5A816567121532AB00032A61 /* KKRequestCache.m */,
				5A816568121532AB00032A61 /* KKURLRequestOperation.m */,
			);
			path = Network;
			sourceTree = "<group>";
		};
/* End PBXGroup section */

/* Begin PBXHeadersBuildPhase section */
		D2AAC07A0554694100DB518D /* Headers */ = {
			isa = PBXHeadersBuildPhase;
			buildActionMask = 2147483647;
			files = (
				5A81664A12153B1500032A61 /* KrayKit.h in Headers */,
				AA747D9F0F9514B9006C5449 /* KrayKit_Prefix.pch in Headers */,
				5A8165521215328400032A61 /* KKRemoteImageView.h in Headers */,
				5A8165531215328400032A61 /* NSString+Digest.h in Headers */,
				5A8165541215328400032A61 /* NSString+NumberFormat.h in Headers */,
				5A8165551215328400032A61 /* UIColor+HexRGB.h in Headers */,
				5A8165581215328400032A61 /* KKMacro.h in Headers */,
				5A81655A1215328400032A61 /* KKRequestCache.h in Headers */,
				5A81655B1215328400032A61 /* KKURLRequestOperation.h in Headers */,
				5A23DE2C121E82C800D41CF3 /* KKAuthAlertView.h in Headers */,
				5A5EF7DC122D105E005E414C /* UIView+Overlay.h in Headers */,
				5AF8D97D122FAAE9003FA142 /* UIView+Effect.h in Headers */,
				5A4F6938123F6D5A007E702E /* NSArray+Access.h in Headers */,
				5A684048124209D100352497 /* UIView+Align.h in Headers */,
				5A68413E12421FBD00352497 /* KKProgressIndicatorView.h in Headers */,
				5A2349B012476B4E007F3302 /* NSDate+Format.h in Headers */,
				5A2349B612476CE8007F3302 /* NSDateFormatter+Format.h in Headers */,
			);
			runOnlyForDeploymentPostprocessing = 0;
		};
/* End PBXHeadersBuildPhase section */

/* Begin PBXNativeTarget section */
		D2AAC07D0554694100DB518D /* KrayKit */ = {
			isa = PBXNativeTarget;
			buildConfigurationList = 1DEB921E08733DC00010E9CD /* Build configuration list for PBXNativeTarget "KrayKit" */;
			buildPhases = (
				D2AAC07A0554694100DB518D /* Headers */,
				D2AAC07B0554694100DB518D /* Sources */,
				D2AAC07C0554694100DB518D /* Frameworks */,
			);
			buildRules = (
			);
			dependencies = (
			);
			name = KrayKit;
			productName = KrayKit;
			productReference = D2AAC07E0554694100DB518D /* libKrayKit.a */;
			productType = "com.apple.product-type.library.static";
		};
/* End PBXNativeTarget section */

/* Begin PBXProject section */
		0867D690FE84028FC02AAC07 /* Project object */ = {
			isa = PBXProject;
			buildConfigurationList = 1DEB922208733DC00010E9CD /* Build configuration list for PBXProject "KrayKit" */;
			compatibilityVersion = "Xcode 3.2";
			developmentRegion = English;
			hasScannedForEncodings = 1;
			knownRegions = (
				English,
				Japanese,
				French,
				German,
			);
			mainGroup = 0867D691FE84028FC02AAC07 /* KrayKit */;
			productRefGroup = 034768DFFF38A50411DB9C8B /* Products */;
			projectDirPath = "";
			projectRoot = "";
			targets = (
				D2AAC07D0554694100DB518D /* KrayKit */,
				5A816535121530CE00032A61 /* KrayKit.framework */,
			);
		};
/* End PBXProject section */

/* Begin PBXShellScriptBuildPhase section */
		5A816534121530CE00032A61 /* ShellScript */ = {
			isa = PBXShellScriptBuildPhase;
			buildActionMask = 2147483647;
			files = (
			);
			inputPaths = (
			);
			outputPaths = (
			);
			runOnlyForDeploymentPostprocessing = 0;
			shellPath = /bin/sh;
			shellScript = "export PATH=/Developer/usr/bin:\"$PATH\"\n\n# Define these to suit your nefarious purposes\nFRAMEWORK_NAME=KrayKit\nFRAMEWORK_VERSION=A\nFRAMEWORK_CURRENT_VERSION=1\nFRAMEWORK_COMPATIBILITY_VERSION=1\n\nxcodebuild -configuration ${BUILD_STYLE} -target ${FRAMEWORK_NAME} clean\nxcodebuild -configuration ${BUILD_STYLE} -target ${FRAMEWORK_NAME} -sdk iphonesimulator${IPHONEOS_DEPLOYMENT_TARGET}\n[ $? != 0 ] && exit 1\nxcodebuild -configuration ${BUILD_STYLE} -target ${FRAMEWORK_NAME} -sdk iphoneos${IPHONEOS_DEPLOYMENT_TARGET}\n\n# Where we'll put the build framework.\n# The script presumes we're in the project root\n# directory. Xcode builds in \"build\" by default\nFRAMEWORK_BUILD_PATH=\"build/Framework\"\n\n# Clean any existing framework that might be there\n# already\necho \"Framework: Cleaning framework...\"\n[ -d \"${FRAMEWORK_BUILD_PATH}\" ] && \\\n  rm -rf \"${FRAMEWORK_BUILD_PATH}\"\n\n# This is the full name of the framework we'll\n# build\nFRAMEWORK_DIR=${FRAMEWORK_BUILD_PATH}/${FRAMEWORK_NAME}.framework\n\n# Build the canonical Framework bundle directory\n# structure\necho \"Framework: Setting up directories...\"\nmkdir -p ${FRAMEWORK_DIR}\nmkdir -p ${FRAMEWORK_DIR}/Versions\nmkdir -p ${FRAMEWORK_DIR}/Versions/${FRAMEWORK_VERSION}\nmkdir -p ${FRAMEWORK_DIR}/Versions/${FRAMEWORK_VERSION}/Resources\nmkdir -p ${FRAMEWORK_DIR}/Versions/${FRAMEWORK_VERSION}/Headers\n\necho \"Framework: Creating symlinks...\"\nln -s ${FRAMEWORK_VERSION} ${FRAMEWORK_DIR}/Versions/Current\nln -s Versions/Current/Headers ${FRAMEWORK_DIR}/Headers\nln -s Versions/Current/Resources ${FRAMEWORK_DIR}/Resources\nln -s Versions/Current/${FRAMEWORK_NAME} ${FRAMEWORK_DIR}/${FRAMEWORK_NAME}\n\n# Check that this is what your static libraries\n# are called\nFRAMEWORK_INPUT_ARM_FILES=\"build/${BUILD_STYLE}-iphoneos/lib${FRAMEWORK_NAME}.a\"\nFRAMEWORK_INPUT_I386_FILES=\"build/${BUILD_STYLE}-iphonesimulator/lib${FRAMEWORK_NAME}.a\"\n\n# The trick for creating a fully usable library is\n# to use lipo to glue the different library\n# versions together into one file. When an\n# application is linked to this library, the\n# linker will extract the appropriate platform\n# version and use that.\n# The library file is given the same name as the\n# framework with no .a extension.\necho \"Framework: Creating library...\"\nlipo \\\n  -create \\\n  \"${FRAMEWORK_INPUT_ARM_FILES}\" \\\n  -arch i386 \"${FRAMEWORK_INPUT_I386_FILES}\" \\\n  -o \"${FRAMEWORK_DIR}/Versions/Current/${FRAMEWORK_NAME}\"\n\n# Now copy the final assets over: your library\n# header files and the plist file\necho \"Framework: Copying assets into current version...\"\ncp -r Include/${FRAMEWORK_NAME}/* ${FRAMEWORK_DIR}/Headers/\ncp Resources/Framework.plist ${FRAMEWORK_DIR}/Resources/Info.plist\n";
		};
/* End PBXShellScriptBuildPhase section */

/* Begin PBXSourcesBuildPhase section */
		D2AAC07B0554694100DB518D /* Sources */ = {
			isa = PBXSourcesBuildPhase;
			buildActionMask = 2147483647;
			files = (
				5A816569121532AB00032A61 /* KKRemoteImageView.m in Sources */,
				5A81656A121532AB00032A61 /* NSString+Digest.m in Sources */,
				5A81656B121532AB00032A61 /* NSString+NumberFormat.m in Sources */,
				5A81656C121532AB00032A61 /* UIColor+HexRGB.m in Sources */,
				5A81656F121532AB00032A61 /* KKRequestCache.m in Sources */,
				5A816570121532AB00032A61 /* KKURLRequestOperation.m in Sources */,
				5A23DE37121E890300D41CF3 /* KKAuthAlertView.m in Sources */,
				5A5EF7DF122D10EB005E414C /* UIView+Overlay.m in Sources */,
				5AF8D981122FAB0E003FA142 /* UIView+Effect.m in Sources */,
				5A4F693C123F6DBA007E702E /* NSArray+Access.m in Sources */,
				5A68404F12420A5F00352497 /* UIView+Align.m in Sources */,
				5A68414E12421FEA00352497 /* KKProgressIndicatorView.m in Sources */,
				5A2349B212476BAF007F3302 /* NSDate+Format.m in Sources */,
				5A2349B812476D46007F3302 /* NSDateFormatter+Format.m in Sources */,
			);
			runOnlyForDeploymentPostprocessing = 0;
		};
/* End PBXSourcesBuildPhase section */

/* Begin XCBuildConfiguration section */
		1DEB921F08733DC00010E9CD /* Debug */ = {
			isa = XCBuildConfiguration;
			buildSettings = {
				ALWAYS_SEARCH_USER_PATHS = NO;
				ARCHS = "$(ARCHS_STANDARD_32_BIT)";
				COPY_PHASE_STRIP = NO;
				DSTROOT = /tmp/KrayKit.dst;
				GCC_DYNAMIC_NO_PIC = NO;
				GCC_ENABLE_FIX_AND_CONTINUE = YES;
				GCC_MODEL_TUNING = G5;
				GCC_OPTIMIZATION_LEVEL = 0;
				GCC_PRECOMPILE_PREFIX_HEADER = YES;
				GCC_PREFIX_HEADER = KrayKit_Prefix.pch;
				INSTALL_PATH = /usr/local/lib;
				PRODUCT_NAME = KrayKit;
			};
			name = Debug;
		};
		1DEB922008733DC00010E9CD /* Release */ = {
			isa = XCBuildConfiguration;
			buildSettings = {
				ALWAYS_SEARCH_USER_PATHS = NO;
				ARCHS = "$(ARCHS_STANDARD_32_BIT)";
				DSTROOT = /tmp/KrayKit.dst;
				GCC_MODEL_TUNING = G5;
				GCC_PRECOMPILE_PREFIX_HEADER = YES;
				GCC_PREFIX_HEADER = KrayKit_Prefix.pch;
				INSTALL_PATH = /usr/local/lib;
				PRODUCT_NAME = KrayKit;
			};
			name = Release;
		};
		1DEB922308733DC00010E9CD /* Debug */ = {
			isa = XCBuildConfiguration;
			buildSettings = {
				ARCHS = "$(ARCHS_STANDARD_32_BIT)";
				GCC_C_LANGUAGE_STANDARD = c99;
				GCC_OPTIMIZATION_LEVEL = 0;
				GCC_PREPROCESSOR_DEFINITIONS = DEBUG;
				GCC_WARN_ABOUT_RETURN_TYPE = YES;
				GCC_WARN_UNUSED_VARIABLE = YES;
				HEADER_SEARCH_PATHS = Include;
				IPHONEOS_DEPLOYMENT_TARGET = 3.2;
				OTHER_LDFLAGS = "-ObjC";
				PREBINDING = NO;
				SDKROOT = iphoneos4.1;
				TARGETED_DEVICE_FAMILY = "1,2";
			};
			name = Debug;
		};
		1DEB922408733DC00010E9CD /* Release */ = {
			isa = XCBuildConfiguration;
			buildSettings = {
				ARCHS = "$(ARCHS_STANDARD_32_BIT)";
				GCC_C_LANGUAGE_STANDARD = c99;
				GCC_OPTIMIZATION_LEVEL = s;
				GCC_WARN_ABOUT_RETURN_TYPE = YES;
				GCC_WARN_UNUSED_VARIABLE = YES;
				HEADER_SEARCH_PATHS = Include;
				IPHONEOS_DEPLOYMENT_TARGET = 3.2;
				OTHER_CFLAGS = "-DNS_BLOCK_ASSERTIONS=1";
				OTHER_LDFLAGS = "-ObjC";
				PREBINDING = NO;
				SDKROOT = iphoneos4.0;
				TARGETED_DEVICE_FAMILY = "1,2";
			};
			name = Release;
		};
		5A816536121530CF00032A61 /* Debug */ = {
			isa = XCBuildConfiguration;
			buildSettings = {
				COPY_PHASE_STRIP = NO;
				GCC_DYNAMIC_NO_PIC = NO;
				GCC_OPTIMIZATION_LEVEL = 0;
				PRODUCT_NAME = KrayKit.framework;
			};
			name = Debug;
		};
		5A816537121530CF00032A61 /* Release */ = {
			isa = XCBuildConfiguration;
			buildSettings = {
				COPY_PHASE_STRIP = YES;
				DEBUG_INFORMATION_FORMAT = "dwarf-with-dsym";
				GCC_ENABLE_FIX_AND_CONTINUE = NO;
				PRODUCT_NAME = KrayKit.framework;
				ZERO_LINK = NO;
			};
			name = Release;
		};
/* End XCBuildConfiguration section */

/* Begin XCConfigurationList section */
		1DEB921E08733DC00010E9CD /* Build configuration list for PBXNativeTarget "KrayKit" */ = {
			isa = XCConfigurationList;
			buildConfigurations = (
				1DEB921F08733DC00010E9CD /* Debug */,
				1DEB922008733DC00010E9CD /* Release */,
			);
			defaultConfigurationIsVisible = 0;
			defaultConfigurationName = Release;
		};
		1DEB922208733DC00010E9CD /* Build configuration list for PBXProject "KrayKit" */ = {
			isa = XCConfigurationList;
			buildConfigurations = (
				1DEB922308733DC00010E9CD /* Debug */,
				1DEB922408733DC00010E9CD /* Release */,
			);
			defaultConfigurationIsVisible = 0;
			defaultConfigurationName = Release;
		};
		5A816538121530ED00032A61 /* Build configuration list for PBXAggregateTarget "KrayKit.framework" */ = {
			isa = XCConfigurationList;
			buildConfigurations = (
				5A816536121530CF00032A61 /* Debug */,
				5A816537121530CF00032A61 /* Release */,
			);
			defaultConfigurationIsVisible = 0;
			defaultConfigurationName = Release;
		};
/* End XCConfigurationList section */
	};
	rootObject = 0867D690FE84028FC02AAC07 /* Project object */;
}
